<?xml version="1.0" encoding="UTF-8" standalone="yes" ?>
<CodeBlocks_project_file>
	<FileVersion major="1" minor="6" />
	<Project>
		<Option title="NGN_MSX_Sprites" />
		<Option pch_mode="2" />
		<Option compiler="gcc" />
		<Build>
			<Target title="Debug">
				<Option output="_ngn_msx_sprites" prefix_auto="1" extension_auto="1" />
				<Option object_output="obj/Windows/Debug/" />
				<Option type="1" />
				<Option compiler="gcc" />
				<Compiler>
					<Add option="-g" />
				</Compiler>
			</Target>
			<Target title="Release">
				<Option output="ngn_msx_sprites" prefix_auto="1" extension_auto="1" />
				<Option object_output="obj/Windows/Release/" />
				<Option type="1" />
				<Option compiler="gcc" />
				<Compiler>
					<Add option="-O2" />
				</Compiler>
				<Linker>
					<Add option="-s" />
				</Linker>
			</Target>
		</Build>
		<Compiler>
			<Add option="-Wall" />
			<Add option="-m64" />
		</Compiler>
		<Linker>
			<Add option="-m64" />
		</Linker>
		<Unit filename="source/bmp.c">
			<Option compilerVar="CC" />
		</Unit>
		<Unit filename="source/bmp.h" />
		<Unit filename="source/defines.c">
			<Option compilerVar="CC" />
		</Unit>
		<Unit filename="source/defines.h" />
		<Unit filename="source/filesystem.c">
			<Option compilerVar="CC" />
		</Unit>
		<Unit filename="source/filesystem.h" />
		<Unit filename="source/main.c">
			<Option compilerVar="CC" />
		</Unit>
		<Unit filename="source/tiles.c">
			<Option compilerVar="CC" />
		</Unit>
		<Unit filename="source/tiles.h" />
		<Extensions>
			<code_completion />
			<envvars />
			<debugger />
			<lib_finder disable_auto="1" />
		</Extensions>
	</Project>
</CodeBlocks_project_file>
